
Microsoft Visual Studio Solution File, Format Version 12.00
# Visual Studio Version 17
VisualStudioVersion = 17.0.31919.166
MinimumVisualStudioVersion = 10.0.40219.1
Project("{FAE04EC0-301F-11D3-BF4B-00C04F79EFBC}") = "MailClient", "MailClient\MailClient.csproj", "{AA87ADAF-C83A-4F2D-9A91-22A91ECA6C16}"
EndProject
Global
	GlobalSection(SolutionConfigurationPlatforms) = preSolution
		Debug|Any CPU = Debug|Any CPU
		Release|Any CPU = Release|Any CPU
	EndGlobalSection
	GlobalSection(ProjectConfigurationPlatforms) = postSolution
		{AA87ADAF-C83A-4F2D-9A91-22A91ECA6C16}.Debug|Any CPU.ActiveCfg = Debug|Any CPU
		{AA87ADAF-C83A-4F2D-9A91-22A91ECA6C16}.Debug|Any CPU.Build.0 = Debug|Any CPU
		{AA87ADAF-C83A-4F2D-9A91-22A91ECA6C16}.Release|Any CPU.ActiveCfg = Release|Any CPU
		{AA87ADAF-C83A-4F2D-9A91-22A91ECA6C16}.Release|Any CPU.Build.0 = Release|Any CPU
	EndGlobalSection
	GlobalSection(SolutionProperties) = preSolution
		HideSolutionNode = FALSE
	EndGlobalSection
	GlobalSection(ExtensibilityGlobals) = postSolution
		SolutionGuid = {4EBFFD0A-B2DF-4275-BEF5-5998C9A62B61}
	EndGlobalSection
EndGlobal
